
Microsoft Visual Studio Solution File, Format Version 12.00
# Visual Studio Version 17
VisualStudioVersion = 17.3.32922.545
MinimumVisualStudioVersion = 10.0.40219.1
Project("{FAE04EC0-301F-11D3-BF4B-00C04F79EFBC}") = "MvcMovie", "MvcMovie\MvcMovie.csproj", "{C71C6CC5-B98C-4588-8931-1E37B5455485}"
EndProject
Global
	GlobalSection(SolutionConfigurationPlatforms) = preSolution
		Debug|Any CPU = Debug|Any CPU
		Release|Any CPU = Release|Any CPU
	EndGlobalSection
	GlobalSection(ProjectConfigurationPlatforms) = postSolution
		{C71C6CC5-B98C-4588-8931-1E37B5455485}.Debug|Any CPU.ActiveCfg = Debug|Any CPU
		{C71C6CC5-B98C-4588-8931-1E37B5455485}.Debug|Any CPU.Build.0 = Debug|Any CPU
		{C71C6CC5-B98C-4588-8931-1E37B5455485}.Release|Any CPU.ActiveCfg = Release|Any CPU
		{C71C6CC5-B98C-4588-8931-1E37B5455485}.Release|Any CPU.Build.0 = Release|Any CPU
	EndGlobalSection
	GlobalSection(SolutionProperties) = preSolution
		HideSolutionNode = FALSE
	EndGlobalSection
	GlobalSection(ExtensibilityGlobals) = postSolution
		SolutionGuid = {2E19E8C6-CD47-44EC-9FF8-4E1A2FBD022E}
	EndGlobalSection
EndGlobal
